
Microsoft Visual Studio Solution File, Format Version 12.00
# Visual Studio Version 17
VisualStudioVersion = 17.8.34316.72
MinimumVisualStudioVersion = 10.0.40219.1
Project("{8BC9CEB8-8B4A-11D0-8D11-00A0C91BC942}") = "NALib", "..\build\NALib.vcxproj", "{7ED6CB2E-1F47-32A1-9123-2C8764EA26F1}"
EndProject
Project("{8BC9CEB8-8B4A-11D0-8D11-00A0C91BC942}") = "CML", "..\build\CML.vcxproj", "{C757D61C-1287-3006-9D0C-F2F36E873423}"
EndProject
Project("{8BC9CEB8-8B4A-11D0-8D11-00A0C91BC942}") = "ColorPrompt", "..\code\ColorPrompt\ColorMachine.vcxproj", "{2F5F9E55-014B-4F0F-91F1-31F7D4C8DA7B}"
	ProjectSection(ProjectDependencies) = postProject
		{7ED6CB2E-1F47-32A1-9123-2C8764EA26F1} = {7ED6CB2E-1F47-32A1-9123-2C8764EA26F1}
		{C757D61C-1287-3006-9D0C-F2F36E873423} = {C757D61C-1287-3006-9D0C-F2F36E873423}
	EndProjectSection
EndProject
Global
	GlobalSection(SolutionConfigurationPlatforms) = preSolution
		Debug|x64 = Debug|x64
		Debug|x86 = Debug|x86
		MinSizeRel|x64 = MinSizeRel|x64
		MinSizeRel|x86 = MinSizeRel|x86
		Release|x64 = Release|x64
		Release|x86 = Release|x86
		RelWithDebInfo|x64 = RelWithDebInfo|x64
		RelWithDebInfo|x86 = RelWithDebInfo|x86
	EndGlobalSection
	GlobalSection(ProjectConfigurationPlatforms) = postSolution
		{7ED6CB2E-1F47-32A1-9123-2C8764EA26F1}.Debug|x64.ActiveCfg = Debug|x64
		{7ED6CB2E-1F47-32A1-9123-2C8764EA26F1}.Debug|x64.Build.0 = Debug|x64
		{7ED6CB2E-1F47-32A1-9123-2C8764EA26F1}.Debug|x86.ActiveCfg = Debug|x64
		{7ED6CB2E-1F47-32A1-9123-2C8764EA26F1}.Debug|x86.Build.0 = Debug|x64
		{7ED6CB2E-1F47-32A1-9123-2C8764EA26F1}.MinSizeRel|x64.ActiveCfg = MinSizeRel|x64
		{7ED6CB2E-1F47-32A1-9123-2C8764EA26F1}.MinSizeRel|x64.Build.0 = MinSizeRel|x64
		{7ED6CB2E-1F47-32A1-9123-2C8764EA26F1}.MinSizeRel|x86.ActiveCfg = MinSizeRel|x64
		{7ED6CB2E-1F47-32A1-9123-2C8764EA26F1}.MinSizeRel|x86.Build.0 = MinSizeRel|x64
		{7ED6CB2E-1F47-32A1-9123-2C8764EA26F1}.Release|x64.ActiveCfg = Release|x64
		{7ED6CB2E-1F47-32A1-9123-2C8764EA26F1}.Release|x64.Build.0 = Release|x64
		{7ED6CB2E-1F47-32A1-9123-2C8764EA26F1}.Release|x86.ActiveCfg = Release|x64
		{7ED6CB2E-1F47-32A1-9123-2C8764EA26F1}.Release|x86.Build.0 = Release|x64
		{7ED6CB2E-1F47-32A1-9123-2C8764EA26F1}.RelWithDebInfo|x64.ActiveCfg = RelWithDebInfo|x64
		{7ED6CB2E-1F47-32A1-9123-2C8764EA26F1}.RelWithDebInfo|x64.Build.0 = RelWithDebInfo|x64
		{7ED6CB2E-1F47-32A1-9123-2C8764EA26F1}.RelWithDebInfo|x86.ActiveCfg = RelWithDebInfo|x64
		{7ED6CB2E-1F47-32A1-9123-2C8764EA26F1}.RelWithDebInfo|x86.Build.0 = RelWithDebInfo|x64
		{C757D61C-1287-3006-9D0C-F2F36E873423}.Debug|x64.ActiveCfg = Debug|x64
		{C757D61C-1287-3006-9D0C-F2F36E873423}.Debug|x64.Build.0 = Debug|x64
		{C757D61C-1287-3006-9D0C-F2F36E873423}.Debug|x86.ActiveCfg = Debug|x64
		{C757D61C-1287-3006-9D0C-F2F36E873423}.Debug|x86.Build.0 = Debug|x64
		{C757D61C-1287-3006-9D0C-F2F36E873423}.MinSizeRel|x64.ActiveCfg = MinSizeRel|x64
		{C757D61C-1287-3006-9D0C-F2F36E873423}.MinSizeRel|x64.Build.0 = MinSizeRel|x64
		{C757D61C-1287-3006-9D0C-F2F36E873423}.MinSizeRel|x86.ActiveCfg = MinSizeRel|x64
		{C757D61C-1287-3006-9D0C-F2F36E873423}.MinSizeRel|x86.Build.0 = MinSizeRel|x64
		{C757D61C-1287-3006-9D0C-F2F36E873423}.Release|x64.ActiveCfg = Release|x64
		{C757D61C-1287-3006-9D0C-F2F36E873423}.Release|x64.Build.0 = Release|x64
		{C757D61C-1287-3006-9D0C-F2F36E873423}.Release|x86.ActiveCfg = Release|x64
		{C757D61C-1287-3006-9D0C-F2F36E873423}.Release|x86.Build.0 = Release|x64
		{C757D61C-1287-3006-9D0C-F2F36E873423}.RelWithDebInfo|x64.ActiveCfg = RelWithDebInfo|x64
		{C757D61C-1287-3006-9D0C-F2F36E873423}.RelWithDebInfo|x64.Build.0 = RelWithDebInfo|x64
		{C757D61C-1287-3006-9D0C-F2F36E873423}.RelWithDebInfo|x86.ActiveCfg = RelWithDebInfo|x64
		{C757D61C-1287-3006-9D0C-F2F36E873423}.RelWithDebInfo|x86.Build.0 = RelWithDebInfo|x64
		{2F5F9E55-014B-4F0F-91F1-31F7D4C8DA7B}.Debug|x64.ActiveCfg = Debug|x64
		{2F5F9E55-014B-4F0F-91F1-31F7D4C8DA7B}.Debug|x64.Build.0 = Debug|x64
		{2F5F9E55-014B-4F0F-91F1-31F7D4C8DA7B}.Debug|x86.ActiveCfg = Debug|Win32
		{2F5F9E55-014B-4F0F-91F1-31F7D4C8DA7B}.Debug|x86.Build.0 = Debug|Win32
		{2F5F9E55-014B-4F0F-91F1-31F7D4C8DA7B}.MinSizeRel|x64.ActiveCfg = Debug|x64
		{2F5F9E55-014B-4F0F-91F1-31F7D4C8DA7B}.MinSizeRel|x64.Build.0 = Debug|x64
		{2F5F9E55-014B-4F0F-91F1-31F7D4C8DA7B}.MinSizeRel|x86.ActiveCfg = Debug|Win32
		{2F5F9E55-014B-4F0F-91F1-31F7D4C8DA7B}.MinSizeRel|x86.Build.0 = Debug|Win32
		{2F5F9E55-014B-4F0F-91F1-31F7D4C8DA7B}.Release|x64.ActiveCfg = Release|x64
		{2F5F9E55-014B-4F0F-91F1-31F7D4C8DA7B}.Release|x64.Build.0 = Release|x64
		{2F5F9E55-014B-4F0F-91F1-31F7D4C8DA7B}.Release|x86.ActiveCfg = Release|Win32
		{2F5F9E55-014B-4F0F-91F1-31F7D4C8DA7B}.Release|x86.Build.0 = Release|Win32
		{2F5F9E55-014B-4F0F-91F1-31F7D4C8DA7B}.RelWithDebInfo|x64.ActiveCfg = Release|x64
		{2F5F9E55-014B-4F0F-91F1-31F7D4C8DA7B}.RelWithDebInfo|x64.Build.0 = Release|x64
		{2F5F9E55-014B-4F0F-91F1-31F7D4C8DA7B}.RelWithDebInfo|x86.ActiveCfg = Release|Win32
		{2F5F9E55-014B-4F0F-91F1-31F7D4C8DA7B}.RelWithDebInfo|x86.Build.0 = Release|Win32
	EndGlobalSection
	GlobalSection(SolutionProperties) = preSolution
		HideSolutionNode = FALSE
	EndGlobalSection
	GlobalSection(ExtensibilityGlobals) = postSolution
		SolutionGuid = {42319E97-FC64-442C-AC8D-4927653F83E9}
	EndGlobalSection
EndGlobal
